
Microsoft Visual Studio Solution File, Format Version 12.00
# Visual Studio 15
VisualStudioVersion = 15.0.27004.2008
MinimumVisualStudioVersion = 10.0.40219.1
Project("{FAE04EC0-301F-11D3-BF4B-00C04F79EFBC}") = "FizzBuzz", "FizzBuzz\FizzBuzz.csproj", "{CCDF3F40-5C08-43DC-9898-26CDBF994F7A}"
EndProject
Global
	GlobalSection(SolutionConfigurationPlatforms) = preSolution
		Debug|Any CPU = Debug|Any CPU
		Release|Any CPU = Release|Any CPU
	EndGlobalSection
	GlobalSection(ProjectConfigurationPlatforms) = postSolution
		{CCDF3F40-5C08-43DC-9898-26CDBF994F7A}.Debug|Any CPU.ActiveCfg = Debug|Any CPU
		{CCDF3F40-5C08-43DC-9898-26CDBF994F7A}.Debug|Any CPU.Build.0 = Debug|Any CPU
		{CCDF3F40-5C08-43DC-9898-26CDBF994F7A}.Release|Any CPU.ActiveCfg = Release|Any CPU
		{CCDF3F40-5C08-43DC-9898-26CDBF994F7A}.Release|Any CPU.Build.0 = Release|Any CPU
	EndGlobalSection
	GlobalSection(SolutionProperties) = preSolution
		HideSolutionNode = FALSE
	EndGlobalSection
	GlobalSection(ExtensibilityGlobals) = postSolution
		SolutionGuid = {9C7D322D-C989-4DFF-9148-C8DDF92400D1}
	EndGlobalSection
EndGlobal
